# This file was autogenerated by uv via the following command:
#    uv pip compile apps/api/requirements-agent.in --python-version 3.12 --output-file apps/api/requirements-agent.lock
annotated-doc==0.0.5
    # via fastapi
annotated-types==0.8.0
    # via pydantic
anyio==4.15.1
    # via
    #   httpx
    #   httpx2
    #   langsmith
    #   openai
    #   starlette
    #   watchfiles
beautifulsoup4==4.15.0
    # via yfinance
certifi==2026.7.22
    # via
    #   curl-cffi
    #   httpcore
    #   httpx
    #   langchain-openai
    #   requests
cffi==2.1.1
    # via curl-cffi
charset-normalizer==3.5.2
    # via requests
click==8.5.0
    # via uvicorn
curl-cffi==0.16.3
    # via yfinance
distro==1.9.0
    # via
    #   langsmith
    #   openai
fastapi==0.142.2
    # via -r apps/api/requirements.txt
frozendict==2.4.7
    # via yfinance
h11==0.16.0
    # via
    #   httpcore
    #   httpcore2
    #   uvicorn
httpcore==1.0.9
    # via httpx
httpcore2==2.13.1
    # via httpx2
httptools==0.8.0
    # via uvicorn
httpx==0.28.1
    # via
    #   langchain-core
    #   langgraph-sdk
    #   openai
httpx2==2.13.1
    # via langsmith
idna==3.20
    # via
    #   anyio
    #   httpx
    #   httpx2
    #   requests
jiter==0.17.0
    # via openai
jsonpatch==1.33
    # via langchain-core
jsonpointer==3.1.1
    # via jsonpatch
langchain-core==1.6.6
    # via
    #   -r apps/api/requirements-agent.in
    #   langchain-openai
    #   langgraph
    #   langgraph-checkpoint
    #   langgraph-prebuilt
    #   langgraph-sdk
langchain-openai==1.6.6
    # via -r apps/api/requirements-agent.in
langchain-protocol==0.0.19
    # via
    #   langchain-core
    #   langgraph-sdk
langgraph==1.2.12
    # via -r apps/api/requirements-agent.in
langgraph-checkpoint==4.2.0
    # via
    #   langgraph
    #   langgraph-prebuilt
langgraph-prebuilt==1.1.0
    # via langgraph
langgraph-sdk==0.4.5
    # via langgraph
langsmith==0.14.1
    # via langchain-core
multitasking==0.0.13
    # via yfinance
numpy==2.5.3
    # via
    #   pandas
    #   yfinance
openai==2.54.0
    # via
    #   -r apps/api/requirements.txt
    #   langchain-openai
opentelemetry-api==1.45.0
    # via fastapi
orjson==3.12.0
    # via
    #   langgraph-sdk
    #   langsmith
ormsgpack==1.12.2
    # via langgraph-checkpoint
packaging==26.3
    # via
    #   langchain-core
    #   langsmith
pandas==2.3.3
    # via
    #   -r apps/api/requirements.txt
    #   yfinance
peewee==4.5.2
    # via yfinance
platformdirs==4.12.2
    # via yfinance
protobuf==7.36.2
    # via yfinance
pycparser==3.0
    # via cffi
pydantic==2.13.5
    # via
    #   -r apps/api/requirements-agent.in
    #   fastapi
    #   langchain-core
    #   langgraph
    #   langsmith
    #   openai
pydantic-core==2.46.5
    # via pydantic
python-dateutil==2.9.0.post0
    # via pandas
python-dotenv==1.2.3
    # via uvicorn
pytz==2026.4
    # via
    #   pandas
    #   yfinance
pyyaml==6.0.3
    # via
    #   -r apps/api/requirements.txt
    #   langchain-core
    #   uvicorn
regex==2026.9.29
    # via tiktoken
requests==2.34.2
    # via
    #   -r apps/api/requirements.txt
    #   langsmith
    #   requests-toolbelt
    #   tiktoken
    #   yfinance
requests-toolbelt==1.0.0
    # via langsmith
six==1.17.0
    # via python-dateutil
sniffio==1.3.1
    # via
    #   langsmith
    #   openai
soupsieve==2.10
    # via beautifulsoup4
starlette==1.7.0
    # via fastapi
tenacity==9.1.4
    # via langchain-core
tiktoken==0.14.0
    # via langchain-openai
tqdm==4.70.1
    # via openai
truststore==0.10.4
    # via
    #   httpcore2
    #   httpx2
typing-extensions==4.16.0
    # via
    #   anyio
    #   beautifulsoup4
    #   fastapi
    #   httpx2
    #   langchain-core
    #   langchain-protocol
    #   langsmith
    #   openai
    #   opentelemetry-api
    #   pydantic
    #   pydantic-core
    #   starlette
    #   typing-inspection
typing-inspection==0.4.4
    # via
    #   fastapi
    #   pydantic
tzdata==2026.4
    # via pandas
urllib3==2.8.0
    # via requests
uuid-utils==0.17.1
    # via
    #   langchain-core
    #   langsmith
uvicorn==0.54.0
    # via -r apps/api/requirements.txt
uvloop==0.22.1
    # via uvicorn
watchfiles==1.3.0
    # via uvicorn
websockets==16.1.1
    # via
    #   langgraph-sdk
    #   langsmith
    #   uvicorn
    #   yfinance
xxhash==4.0.1
    # via
    #   langgraph
    #   langsmith
yfinance==0.2.66
    # via -r apps/api/requirements.txt
zstandard==0.25.0
    # via langsmith
